
Microsoft Visual Studio Solution File, Format Version 12.00
# Visual Studio Version 16
VisualStudioVersion = 16.0.32630.194
MinimumVisualStudioVersion = 10.0.40219.1
Project("{FAE04EC0-301F-11D3-BF4B-00C04F79EFBC}") = "DesafioEstacionamento", "DesafioEstacionamento\DesafioEstacionamento.csproj", "{5455A015-03A9-49DE-AE9A-443BA311C3C6}"
EndProject
Global
	GlobalSection(SolutionConfigurationPlatforms) = preSolution
		Debug|Any CPU = Debug|Any CPU
		Release|Any CPU = Release|Any CPU
	EndGlobalSection
	GlobalSection(ProjectConfigurationPlatforms) = postSolution
		{5455A015-03A9-49DE-AE9A-443BA311C3C6}.Debug|Any CPU.ActiveCfg = Debug|Any CPU
		{5455A015-03A9-49DE-AE9A-443BA311C3C6}.Debug|Any CPU.Build.0 = Debug|Any CPU
		{5455A015-03A9-49DE-AE9A-443BA311C3C6}.Release|Any CPU.ActiveCfg = Release|Any CPU
		{5455A015-03A9-49DE-AE9A-443BA311C3C6}.Release|Any CPU.Build.0 = Release|Any CPU
	EndGlobalSection
	GlobalSection(SolutionProperties) = preSolution
		HideSolutionNode = FALSE
	EndGlobalSection
	GlobalSection(ExtensibilityGlobals) = postSolution
		SolutionGuid = {0698CC51-CF4B-49DA-920D-68D64A89302F}
	EndGlobalSection
EndGlobal
